
Microsoft Visual Studio Solution File, Format Version 12.00
# Visual Studio Version 17
VisualStudioVersion = 17.13.36105.23
MinimumVisualStudioVersion = 10.0.40219.1
Project("{FAE04EC0-301F-11D3-BF4B-00C04F79EFBC}") = "Base", "Base\Base.csproj", "{413DD0D0-BB27-4C0F-9B91-331E0DA55CE3}"
EndProject
Project("{FAE04EC0-301F-11D3-BF4B-00C04F79EFBC}") = "Server", "Server\Server.csproj", "{792866A8-EDC0-43A0-95F0-EB4CF43C309D}"
EndProject
Project("{FAE04EC0-301F-11D3-BF4B-00C04F79EFBC}") = "TCP_Server", "TCP_Server\TCP_Server.csproj", "{B8216D7C-E443-4AFD-80BF-6266B7ECF8CD}"
EndProject
Project("{FAE04EC0-301F-11D3-BF4B-00C04F79EFBC}") = "TCP_Client", "TCP_Client\TCP_Client.csproj", "{C1F02D2F-D664-4ADB-B1D4-694248A2D896}"
EndProject
Project("{FAE04EC0-301F-11D3-BF4B-00C04F79EFBC}") = "TEST", "TEST\TEST.csproj", "{A6C0B4BE-C9A6-4267-847F-289EF426775D}"
EndProject
Project("{FAE04EC0-301F-11D3-BF4B-00C04F79EFBC}") = "UDP_Chat", "UDP_Chat\UDP_Chat.csproj", "{D5226C64-547E-476A-A2A5-060DD9EA75A1}"
EndProject
Project("{FAE04EC0-301F-11D3-BF4B-00C04F79EFBC}") = "SendImage", "SendImage\SendImage.csproj", "{055FD5C8-4D4A-45BB-A753-BB06D2B188D5}"
EndProject
Global
	GlobalSection(SolutionConfigurationPlatforms) = preSolution
		Debug|Any CPU = Debug|Any CPU
		Release|Any CPU = Release|Any CPU
	EndGlobalSection
	GlobalSection(ProjectConfigurationPlatforms) = postSolution
		{413DD0D0-BB27-4C0F-9B91-331E0DA55CE3}.Debug|Any CPU.ActiveCfg = Debug|Any CPU
		{413DD0D0-BB27-4C0F-9B91-331E0DA55CE3}.Debug|Any CPU.Build.0 = Debug|Any CPU
		{413DD0D0-BB27-4C0F-9B91-331E0DA55CE3}.Release|Any CPU.ActiveCfg = Release|Any CPU
		{413DD0D0-BB27-4C0F-9B91-331E0DA55CE3}.Release|Any CPU.Build.0 = Release|Any CPU
		{792866A8-EDC0-43A0-95F0-EB4CF43C309D}.Debug|Any CPU.ActiveCfg = Debug|Any CPU
		{792866A8-EDC0-43A0-95F0-EB4CF43C309D}.Debug|Any CPU.Build.0 = Debug|Any CPU
		{792866A8-EDC0-43A0-95F0-EB4CF43C309D}.Release|Any CPU.ActiveCfg = Release|Any CPU
		{792866A8-EDC0-43A0-95F0-EB4CF43C309D}.Release|Any CPU.Build.0 = Release|Any CPU
		{B8216D7C-E443-4AFD-80BF-6266B7ECF8CD}.Debug|Any CPU.ActiveCfg = Debug|Any CPU
		{B8216D7C-E443-4AFD-80BF-6266B7ECF8CD}.Debug|Any CPU.Build.0 = Debug|Any CPU
		{B8216D7C-E443-4AFD-80BF-6266B7ECF8CD}.Release|Any CPU.ActiveCfg = Release|Any CPU
		{B8216D7C-E443-4AFD-80BF-6266B7ECF8CD}.Release|Any CPU.Build.0 = Release|Any CPU
		{C1F02D2F-D664-4ADB-B1D4-694248A2D896}.Debug|Any CPU.ActiveCfg = Debug|Any CPU
		{C1F02D2F-D664-4ADB-B1D4-694248A2D896}.Debug|Any CPU.Build.0 = Debug|Any CPU
		{C1F02D2F-D664-4ADB-B1D4-694248A2D896}.Release|Any CPU.ActiveCfg = Release|Any CPU
		{C1F02D2F-D664-4ADB-B1D4-694248A2D896}.Release|Any CPU.Build.0 = Release|Any CPU
		{A6C0B4BE-C9A6-4267-847F-289EF426775D}.Debug|Any CPU.ActiveCfg = Debug|Any CPU
		{A6C0B4BE-C9A6-4267-847F-289EF426775D}.Debug|Any CPU.Build.0 = Debug|Any CPU
		{A6C0B4BE-C9A6-4267-847F-289EF426775D}.Release|Any CPU.ActiveCfg = Release|Any CPU
		{A6C0B4BE-C9A6-4267-847F-289EF426775D}.Release|Any CPU.Build.0 = Release|Any CPU
		{D5226C64-547E-476A-A2A5-060DD9EA75A1}.Debug|Any CPU.ActiveCfg = Debug|Any CPU
		{D5226C64-547E-476A-A2A5-060DD9EA75A1}.Debug|Any CPU.Build.0 = Debug|Any CPU
		{D5226C64-547E-476A-A2A5-060DD9EA75A1}.Release|Any CPU.ActiveCfg = Release|Any CPU
		{D5226C64-547E-476A-A2A5-060DD9EA75A1}.Release|Any CPU.Build.0 = Release|Any CPU
		{055FD5C8-4D4A-45BB-A753-BB06D2B188D5}.Debug|Any CPU.ActiveCfg = Debug|Any CPU
		{055FD5C8-4D4A-45BB-A753-BB06D2B188D5}.Debug|Any CPU.Build.0 = Debug|Any CPU
		{055FD5C8-4D4A-45BB-A753-BB06D2B188D5}.Release|Any CPU.ActiveCfg = Release|Any CPU
		{055FD5C8-4D4A-45BB-A753-BB06D2B188D5}.Release|Any CPU.Build.0 = Release|Any CPU
	EndGlobalSection
	GlobalSection(SolutionProperties) = preSolution
		HideSolutionNode = FALSE
	EndGlobalSection
	GlobalSection(ExtensibilityGlobals) = postSolution
		SolutionGuid = {F49DD375-3E3D-48B2-95E0-6F6020643F90}
	EndGlobalSection
EndGlobal
